
Microsoft Visual Studio Solution File, Format Version 12.00
# Visual Studio Version 17
VisualStudioVersion = 17.5.33627.172
MinimumVisualStudioVersion = 10.0.40219.1
Project("{FAE04EC0-301F-11D3-BF4B-00C04F79EFBC}") = "deney", "deney\deney.csproj", "{9022C1EE-EA9D-4634-808B-7497137EF828}"
EndProject
Global
	GlobalSection(SolutionConfigurationPlatforms) = preSolution
		Debug|Any CPU = Debug|Any CPU
		Release|Any CPU = Release|Any CPU
	EndGlobalSection
	GlobalSection(ProjectConfigurationPlatforms) = postSolution
		{9022C1EE-EA9D-4634-808B-7497137EF828}.Debug|Any CPU.ActiveCfg = Debug|Any CPU
		{9022C1EE-EA9D-4634-808B-7497137EF828}.Debug|Any CPU.Build.0 = Debug|Any CPU
		{9022C1EE-EA9D-4634-808B-7497137EF828}.Release|Any CPU.ActiveCfg = Release|Any CPU
		{9022C1EE-EA9D-4634-808B-7497137EF828}.Release|Any CPU.Build.0 = Release|Any CPU
	EndGlobalSection
	GlobalSection(SolutionProperties) = preSolution
		HideSolutionNode = FALSE
	EndGlobalSection
	GlobalSection(ExtensibilityGlobals) = postSolution
		SolutionGuid = {5CF91CDA-1A6D-46AD-BB7F-4ED12406BA4A}
	EndGlobalSection
EndGlobal
